github.com/google/uuid v1.3.0 h1:t6JiXgmwXMjEs8VusXIJk2BXHsn+wx8BZdTaoZ5fu7I=
github.com/google/uuid v1.3.0/go.mod h1:TIyPZe4MgqvfeYDBFedMoGGpEw/LqOeaOT+nhxU+yHo=
golang.org/x/net v0.0.0-20220105145211-5b0dc2dfae98 h1:+6WJMRLHlD7X7frgp7TUZ36RnQzSf9wVVTNakEp+nqY=
golang.org/x/net v0.0.0-20220105145211-5b0dc2dfae98/go.mod h1:9nx3DQGgdP8bBQD5qxJ1jj9UTztislL4KSBs9R2vV5Y=
